
Microsoft Visual Studio Solution File, Format Version 12.00
# Visual Studio Version 16
VisualStudioVersion = 16.0.30804.86
MinimumVisualStudioVersion = 10.0.40219.1
Project("{FAE04EC0-301F-11D3-BF4B-00C04F79EFBC}") = "OldWRC_CSharp", "OldWRC_CSharp\OldWRC_CSharp.csproj", "{7D0B8346-9FC8-44D6-9085-B4CA450F55EA}"
EndProject
Project("{8BC9CEB8-8B4A-11D0-8D11-00A0C91BC942}") = "CoreAppCPPUWP", "CoreAppCPPUWP\CoreAppCPPUWP.vcxproj", "{EBE5FF66-021B-4A13-B2CE-338AEDF054C0}"
EndProject
Project("{FAE04EC0-301F-11D3-BF4B-00C04F79EFBC}") = "RuntimeComponent1", "RuntimeComponent1\RuntimeComponent1.csproj", "{35170673-C0DD-4F4B-8510-66878014D094}"
EndProject
Global
	GlobalSection(SolutionConfigurationPlatforms) = preSolution
		Debug|Any CPU = Debug|Any CPU
		Debug|ARM = Debug|ARM
		Debug|ARM64 = Debug|ARM64
		Debug|x64 = Debug|x64
		Debug|x86 = Debug|x86
		Release|Any CPU = Release|Any CPU
		Release|ARM = Release|ARM
		Release|ARM64 = Release|ARM64
		Release|x64 = Release|x64
		Release|x86 = Release|x86
	EndGlobalSection
	GlobalSection(ProjectConfigurationPlatforms) = postSolution
		{7D0B8346-9FC8-44D6-9085-B4CA450F55EA}.Debug|Any CPU.ActiveCfg = Debug|Any CPU
		{7D0B8346-9FC8-44D6-9085-B4CA450F55EA}.Debug|Any CPU.Build.0 = Debug|Any CPU
		{7D0B8346-9FC8-44D6-9085-B4CA450F55EA}.Debug|ARM.ActiveCfg = Debug|ARM
		{7D0B8346-9FC8-44D6-9085-B4CA450F55EA}.Debug|ARM.Build.0 = Debug|ARM
		{7D0B8346-9FC8-44D6-9085-B4CA450F55EA}.Debug|ARM64.ActiveCfg = Debug|ARM64
		{7D0B8346-9FC8-44D6-9085-B4CA450F55EA}.Debug|ARM64.Build.0 = Debug|ARM64
		{7D0B8346-9FC8-44D6-9085-B4CA450F55EA}.Debug|x64.ActiveCfg = Debug|x64
		{7D0B8346-9FC8-44D6-9085-B4CA450F55EA}.Debug|x64.Build.0 = Debug|x64
		{7D0B8346-9FC8-44D6-9085-B4CA450F55EA}.Debug|x86.ActiveCfg = Debug|x86
		{7D0B8346-9FC8-44D6-9085-B4CA450F55EA}.Debug|x86.Build.0 = Debug|x86
		{7D0B8346-9FC8-44D6-9085-B4CA450F55EA}.Release|Any CPU.ActiveCfg = Release|Any CPU
		{7D0B8346-9FC8-44D6-9085-B4CA450F55EA}.Release|Any CPU.Build.0 = Release|Any CPU
		{7D0B8346-9FC8-44D6-9085-B4CA450F55EA}.Release|ARM.ActiveCfg = Release|ARM
		{7D0B8346-9FC8-44D6-9085-B4CA450F55EA}.Release|ARM.Build.0 = Release|ARM
		{7D0B8346-9FC8-44D6-9085-B4CA450F55EA}.Release|ARM64.ActiveCfg = Release|ARM64
		{7D0B8346-9FC8-44D6-9085-B4CA450F55EA}.Release|ARM64.Build.0 = Release|ARM64
		{7D0B8346-9FC8-44D6-9085-B4CA450F55EA}.Release|x64.ActiveCfg = Release|x64
		{7D0B8346-9FC8-44D6-9085-B4CA450F55EA}.Release|x64.Build.0 = Release|x64
		{7D0B8346-9FC8-44D6-9085-B4CA450F55EA}.Release|x86.ActiveCfg = Release|x86
		{7D0B8346-9FC8-44D6-9085-B4CA450F55EA}.Release|x86.Build.0 = Release|x86
		{EBE5FF66-021B-4A13-B2CE-338AEDF054C0}.Debug|Any CPU.ActiveCfg = Debug|Win32
		{EBE5FF66-021B-4A13-B2CE-338AEDF054C0}.Debug|ARM.ActiveCfg = Debug|ARM
		{EBE5FF66-021B-4A13-B2CE-338AEDF054C0}.Debug|ARM.Build.0 = Debug|ARM
		{EBE5FF66-021B-4A13-B2CE-338AEDF054C0}.Debug|ARM.Deploy.0 = Debug|ARM
		{EBE5FF66-021B-4A13-B2CE-338AEDF054C0}.Debug|ARM64.ActiveCfg = Debug|ARM64
		{EBE5FF66-021B-4A13-B2CE-338AEDF054C0}.Debug|ARM64.Build.0 = Debug|ARM64
		{EBE5FF66-021B-4A13-B2CE-338AEDF054C0}.Debug|ARM64.Deploy.0 = Debug|ARM64
		{EBE5FF66-021B-4A13-B2CE-338AEDF054C0}.Debug|x64.ActiveCfg = Debug|x64
		{EBE5FF66-021B-4A13-B2CE-338AEDF054C0}.Debug|x64.Build.0 = Debug|x64
		{EBE5FF66-021B-4A13-B2CE-338AEDF054C0}.Debug|x64.Deploy.0 = Debug|x64
		{EBE5FF66-021B-4A13-B2CE-338AEDF054C0}.Debug|x86.ActiveCfg = Debug|Win32
		{EBE5FF66-021B-4A13-B2CE-338AEDF054C0}.Debug|x86.Build.0 = Debug|Win32
		{EBE5FF66-021B-4A13-B2CE-338AEDF054C0}.Debug|x86.Deploy.0 = Debug|Win32
		{EBE5FF66-021B-4A13-B2CE-338AEDF054C0}.Release|Any CPU.ActiveCfg = Release|Win32
		{EBE5FF66-021B-4A13-B2CE-338AEDF054C0}.Release|ARM.ActiveCfg = Release|ARM
		{EBE5FF66-021B-4A13-B2CE-338AEDF054C0}.Release|ARM.Build.0 = Release|ARM
		{EBE5FF66-021B-4A13-B2CE-338AEDF054C0}.Release|ARM.Deploy.0 = Release|ARM
		{EBE5FF66-021B-4A13-B2CE-338AEDF054C0}.Release|ARM64.ActiveCfg = Release|ARM64
		{EBE5FF66-021B-4A13-B2CE-338AEDF054C0}.Release|ARM64.Build.0 = Release|ARM64
		{EBE5FF66-021B-4A13-B2CE-338AEDF054C0}.Release|ARM64.Deploy.0 = Release|ARM64
		{EBE5FF66-021B-4A13-B2CE-338AEDF054C0}.Release|x64.ActiveCfg = Release|x64
		{EBE5FF66-021B-4A13-B2CE-338AEDF054C0}.Release|x64.Build.0 = Release|x64
		{EBE5FF66-021B-4A13-B2CE-338AEDF054C0}.Release|x64.Deploy.0 = Release|x64
		{EBE5FF66-021B-4A13-B2CE-338AEDF054C0}.Release|x86.ActiveCfg = Release|Win32
		{EBE5FF66-021B-4A13-B2CE-338AEDF054C0}.Release|x86.Build.0 = Release|Win32
		{EBE5FF66-021B-4A13-B2CE-338AEDF054C0}.Release|x86.Deploy.0 = Release|Win32
		{35170673-C0DD-4F4B-8510-66878014D094}.Debug|Any CPU.ActiveCfg = Debug|Any CPU
		{35170673-C0DD-4F4B-8510-66878014D094}.Debug|Any CPU.Build.0 = Debug|Any CPU
		{35170673-C0DD-4F4B-8510-66878014D094}.Debug|ARM.ActiveCfg = Debug|ARM
		{35170673-C0DD-4F4B-8510-66878014D094}.Debug|ARM.Build.0 = Debug|ARM
		{35170673-C0DD-4F4B-8510-66878014D094}.Debug|ARM64.ActiveCfg = Debug|ARM64
		{35170673-C0DD-4F4B-8510-66878014D094}.Debug|ARM64.Build.0 = Debug|ARM64
		{35170673-C0DD-4F4B-8510-66878014D094}.Debug|x64.ActiveCfg = Debug|x64
		{35170673-C0DD-4F4B-8510-66878014D094}.Debug|x64.Build.0 = Debug|x64
		{35170673-C0DD-4F4B-8510-66878014D094}.Debug|x86.ActiveCfg = Debug|x86
		{35170673-C0DD-4F4B-8510-66878014D094}.Debug|x86.Build.0 = Debug|x86
		{35170673-C0DD-4F4B-8510-66878014D094}.Release|Any CPU.ActiveCfg = Release|Any CPU
		{35170673-C0DD-4F4B-8510-66878014D094}.Release|Any CPU.Build.0 = Release|Any CPU
		{35170673-C0DD-4F4B-8510-66878014D094}.Release|ARM.ActiveCfg = Release|ARM
		{35170673-C0DD-4F4B-8510-66878014D094}.Release|ARM.Build.0 = Release|ARM
		{35170673-C0DD-4F4B-8510-66878014D094}.Release|ARM64.ActiveCfg = Release|ARM64
		{35170673-C0DD-4F4B-8510-66878014D094}.Release|ARM64.Build.0 = Release|ARM64
		{35170673-C0DD-4F4B-8510-66878014D094}.Release|x64.ActiveCfg = Release|x64
		{35170673-C0DD-4F4B-8510-66878014D094}.Release|x64.Build.0 = Release|x64
		{35170673-C0DD-4F4B-8510-66878014D094}.Release|x86.ActiveCfg = Release|x86
		{35170673-C0DD-4F4B-8510-66878014D094}.Release|x86.Build.0 = Release|x86
	EndGlobalSection
	GlobalSection(SolutionProperties) = preSolution
		HideSolutionNode = FALSE
	EndGlobalSection
	GlobalSection(ExtensibilityGlobals) = postSolution
		SolutionGuid = {BEE64E63-D6A2-4432-AD2C-139D382A0255}
	EndGlobalSection
EndGlobal
